
Microsoft Visual Studio Solution File, Format Version 12.00
# Visual Studio Version 16
VisualStudioVersion = 16.0.30128.74
MinimumVisualStudioVersion = 10.0.40219.1
Project("{FAE04EC0-301F-11D3-BF4B-00C04F79EFBC}") = "FunWithQuizzes", "FunWithQuizzes\FunWithQuizzes.csproj", "{DF75DD36-7FDF-4B68-872A-5C75B31D8FC5}"
EndProject
Global
	GlobalSection(SolutionConfigurationPlatforms) = preSolution
		Debug|Any CPU = Debug|Any CPU
		Release|Any CPU = Release|Any CPU
	EndGlobalSection
	GlobalSection(ProjectConfigurationPlatforms) = postSolution
		{DF75DD36-7FDF-4B68-872A-5C75B31D8FC5}.Debug|Any CPU.ActiveCfg = Debug|Any CPU
		{DF75DD36-7FDF-4B68-872A-5C75B31D8FC5}.Debug|Any CPU.Build.0 = Debug|Any CPU
		{DF75DD36-7FDF-4B68-872A-5C75B31D8FC5}.Release|Any CPU.ActiveCfg = Release|Any CPU
		{DF75DD36-7FDF-4B68-872A-5C75B31D8FC5}.Release|Any CPU.Build.0 = Release|Any CPU
	EndGlobalSection
	GlobalSection(SolutionProperties) = preSolution
		HideSolutionNode = FALSE
	EndGlobalSection
	GlobalSection(ExtensibilityGlobals) = postSolution
		SolutionGuid = {87C5C244-FC5D-4064-87B4-B74FAE0EE797}
	EndGlobalSection
EndGlobal
